// !$*UTF8*$!
{
	archiveVersion = 1;
	classes = {
	};
	objectVersion = 48;
	objects = {

/* Begin PBXBuildFile section */
		32385A99201CA71E0017DA3C /* AppDelegate.swift in Sources */ = {isa = PBXBuildFile; fileRef = 32385A98201CA71E0017DA3C /* AppDelegate.swift */; };
		32385AA3201CA71E0017DA3C /* LaunchScreen.storyboard in Resources */ = {isa = PBXBuildFile; fileRef = 32385AA1201CA71E0017DA3C /* LaunchScreen.storyboard */; };
		3257B6D5201E46B80051FDD1 /* Transaction+CoreDataProperties.swift in Sources */ = {isa = PBXBuildFile; fileRef = 3257B6C6201E46B60051FDD1 /* Transaction+CoreDataProperties.swift */; };
		3257B6D6201E46B80051FDD1 /* TransactionList.xcdatamodeld in Sources */ = {isa = PBXBuildFile; fileRef = 3257B6C7201E46B60051FDD1 /* TransactionList.xcdatamodeld */; };
		3257B6D8201E46B80051FDD1 /* Assets.xcassets in Resources */ = {isa = PBXBuildFile; fileRef = 3257B6CA201E46B60051FDD1 /* Assets.xcassets */; };
		3257B6D9201E46B80051FDD1 /* Utils.swift in Sources */ = {isa = PBXBuildFile; fileRef = 3257B6CB201E46B60051FDD1 /* Utils.swift */; };
		3257B6DA201E46B80051FDD1 /* Main.storyboard in Resources */ = {isa = PBXBuildFile; fileRef = 3257B6CC201E46B60051FDD1 /* Main.storyboard */; };
		3257B6DB201E46B80051FDD1 /* TableViewController.swift in Sources */ = {isa = PBXBuildFile; fileRef = 3257B6CD201E46B60051FDD1 /* TableViewController.swift */; };
		3257B6DC201E46B80051FDD1 /* Transaction+CoreDataClass.swift in Sources */ = {isa = PBXBuildFile; fileRef = 3257B6CE201E46B60051FDD1 /* Transaction+CoreDataClass.swift */; };
		3257B6DE201E46B80051FDD1 /* AddTransactionViewController.swift in Sources */ = {isa = PBXBuildFile; fileRef = 3257B6D0201E46B70051FDD1 /* AddTransactionViewController.swift */; };
		3257B6DF201E46B80051FDD1 /* TransactionFetchedResultsController.swift in Sources */ = {isa = PBXBuildFile; fileRef = 3257B6D1201E46B70051FDD1 /* TransactionFetchedResultsController.swift */; };
		3257B6E1201E46B80051FDD1 /* AlertableError.swift in Sources */ = {isa = PBXBuildFile; fileRef = 3257B6D3201E46B70051FDD1 /* AlertableError.swift */; };
		3257B6E2201E46B80051FDD1 /* CoreDataStack.swift in Sources */ = {isa = PBXBuildFile; fileRef = 3257B6D4201E46B70051FDD1 /* CoreDataStack.swift */; };
		3257B6E4201E477A0051FDD1 /* TableViewCell.swift in Sources */ = {isa = PBXBuildFile; fileRef = 3257B6E3201E477A0051FDD1 /* TableViewCell.swift */; };
/* End PBXBuildFile section */

/* Begin PBXFileReference section */
		32385A95201CA71E0017DA3C /* Cashlog.app */ = {isa = PBXFileReference; explicitFileType = wrapper.application; includeInIndex = 0; path = Cashlog.app; sourceTree = BUILT_PRODUCTS_DIR; };
		32385A98201CA71E0017DA3C /* AppDelegate.swift */ = {isa = PBXFileReference; lastKnownFileType = sourcecode.swift; path = AppDelegate.swift; sourceTree = "<group>"; };
		32385AA2201CA71E0017DA3C /* Base */ = {isa = PBXFileReference; lastKnownFileType = file.storyboard; name = Base; path = Base.lproj/LaunchScreen.storyboard; sourceTree = "<group>"; };
		32385AA4201CA71E0017DA3C /* Info.plist */ = {isa = PBXFileReference; lastKnownFileType = text.plist.xml; path = Info.plist; sourceTree = "<group>"; };
		3257B6C6201E46B60051FDD1 /* Transaction+CoreDataProperties.swift */ = {isa = PBXFileReference; fileEncoding = 4; lastKnownFileType = sourcecode.swift; path = "Transaction+CoreDataProperties.swift"; sourceTree = "<group>"; };
		3257B6C8201E46B60051FDD1 /* TransactionList.xcdatamodel */ = {isa = PBXFileReference; lastKnownFileType = wrapper.xcdatamodel; path = TransactionList.xcdatamodel; sourceTree = "<group>"; };
		3257B6CA201E46B60051FDD1 /* Assets.xcassets */ = {isa = PBXFileReference; lastKnownFileType = folder.assetcatalog; path = Assets.xcassets; sourceTree = "<group>"; };
		3257B6CB201E46B60051FDD1 /* Utils.swift */ = {isa = PBXFileReference; fileEncoding = 4; lastKnownFileType = sourcecode.swift; path = Utils.swift; sourceTree = "<group>"; };
		3257B6CC201E46B60051FDD1 /* Main.storyboard */ = {isa = PBXFileReference; fileEncoding = 4; lastKnownFileType = file.storyboard; path = Main.storyboard; sourceTree = "<group>"; };
		3257B6CD201E46B60051FDD1 /* TableViewController.swift */ = {isa = PBXFileReference; fileEncoding = 4; lastKnownFileType = sourcecode.swift; path = TableViewController.swift; sourceTree = "<group>"; };
		3257B6CE201E46B60051FDD1 /* Transaction+CoreDataClass.swift */ = {isa = PBXFileReference; fileEncoding = 4; lastKnownFileType = sourcecode.swift; path = "Transaction+CoreDataClass.swift"; sourceTree = "<group>"; };
		3257B6D0201E46B70051FDD1 /* AddTransactionViewController.swift */ = {isa = PBXFileReference; fileEncoding = 4; lastKnownFileType = sourcecode.swift; path = AddTransactionViewController.swift; sourceTree = "<group>"; };
		3257B6D1201E46B70051FDD1 /* TransactionFetchedResultsController.swift */ = {isa = PBXFileReference; fileEncoding = 4; lastKnownFileType = sourcecode.swift; path = TransactionFetchedResultsController.swift; sourceTree = "<group>"; };
		3257B6D3201E46B70051FDD1 /* AlertableError.swift */ = {isa = PBXFileReference; fileEncoding = 4; lastKnownFileType = sourcecode.swift; path = AlertableError.swift; sourceTree = "<group>"; };
		3257B6D4201E46B70051FDD1 /* CoreDataStack.swift */ = {isa = PBXFileReference; fileEncoding = 4; lastKnownFileType = sourcecode.swift; path = CoreDataStack.swift; sourceTree = "<group>"; };
		3257B6E3201E477A0051FDD1 /* TableViewCell.swift */ = {isa = PBXFileReference; lastKnownFileType = sourcecode.swift; path = TableViewCell.swift; sourceTree = "<group>"; };
/* End PBXFileReference section */

/* Begin PBXFrameworksBuildPhase section */
		32385A92201CA71E0017DA3C /* Frameworks */ = {
			isa = PBXFrameworksBuildPhase;
			buildActionMask = 2147483647;
			files = (
			);
			runOnlyForDeploymentPostprocessing = 0;
		};
/* End PBXFrameworksBuildPhase section */

/* Begin PBXGroup section */
		32385A8C201CA71E0017DA3C = {
			isa = PBXGroup;
			children = (
				32385A97201CA71E0017DA3C /* Cashlog */,
				32385A96201CA71E0017DA3C /* Products */,
			);
			sourceTree = "<group>";
		};
		32385A96201CA71E0017DA3C /* Products */ = {
			isa = PBXGroup;
			children = (
				32385A95201CA71E0017DA3C /* Cashlog.app */,
			);
			name = Products;
			sourceTree = "<group>";
		};
		32385A97201CA71E0017DA3C /* Cashlog */ = {
			isa = PBXGroup;
			children = (
				32385A98201CA71E0017DA3C /* AppDelegate.swift */,
				3257B6CD201E46B60051FDD1 /* TableViewController.swift */,
				3257B6D0201E46B70051FDD1 /* AddTransactionViewController.swift */,
				3257B6E3201E477A0051FDD1 /* TableViewCell.swift */,
				3257B6CA201E46B60051FDD1 /* Assets.xcassets */,
				32385AA1201CA71E0017DA3C /* LaunchScreen.storyboard */,
				3257B6CC201E46B60051FDD1 /* Main.storyboard */,
				3257B6CB201E46B60051FDD1 /* Utils.swift */,
				3257B6D3201E46B70051FDD1 /* AlertableError.swift */,
				3257B6D4201E46B70051FDD1 /* CoreDataStack.swift */,
				3257B6CE201E46B60051FDD1 /* Transaction+CoreDataClass.swift */,
				3257B6C6201E46B60051FDD1 /* Transaction+CoreDataProperties.swift */,
				3257B6D1201E46B70051FDD1 /* TransactionFetchedResultsController.swift */,
				3257B6C7201E46B60051FDD1 /* TransactionList.xcdatamodeld */,
				32385AA4201CA71E0017DA3C /* Info.plist */,
			);
			path = Cashlog;
			sourceTree = "<group>";
		};
/* End PBXGroup section */

/* Begin PBXNativeTarget section */
		32385A94201CA71E0017DA3C /* Cashlog */ = {
			isa = PBXNativeTarget;
			buildConfigurationList = 32385AA7201CA71E0017DA3C /* Build configuration list for PBXNativeTarget "Cashlog" */;
			buildPhases = (
				32385A91201CA71E0017DA3C /* Sources */,
				32385A92201CA71E0017DA3C /* Frameworks */,
				32385A93201CA71E0017DA3C /* Resources */,
			);
			buildRules = (
			);
			dependencies = (
			);
			name = Cashlog;
			productName = Cashlog;
			productReference = 32385A95201CA71E0017DA3C /* Cashlog.app */;
			productType = "com.apple.product-type.application";
		};
/* End PBXNativeTarget section */

/* Begin PBXProject section */
		32385A8D201CA71E0017DA3C /* Project object */ = {
			isa = PBXProject;
			attributes = {
				LastSwiftUpdateCheck = 0920;
				LastUpgradeCheck = 0920;
				ORGANIZATIONNAME = "Bruce Röttgers";
				TargetAttributes = {
					32385A94201CA71E0017DA3C = {
						CreatedOnToolsVersion = 9.2;
						ProvisioningStyle = Automatic;
					};
				};
			};
			buildConfigurationList = 32385A90201CA71E0017DA3C /* Build configuration list for PBXProject "Cashlog" */;
			compatibilityVersion = "Xcode 8.0";
			developmentRegion = en;
			hasScannedForEncodings = 0;
			knownRegions = (
				en,
				Base,
			);
			mainGroup = 32385A8C201CA71E0017DA3C;
			productRefGroup = 32385A96201CA71E0017DA3C /* Products */;
			projectDirPath = "";
			projectRoot = "";
			targets = (
				32385A94201CA71E0017DA3C /* Cashlog */,
			);
		};
/* End PBXProject section */

/* Begin PBXResourcesBuildPhase section */
		32385A93201CA71E0017DA3C /* Resources */ = {
			isa = PBXResourcesBuildPhase;
			buildActionMask = 2147483647;
			files = (
				3257B6DA201E46B80051FDD1 /* Main.storyboard in Resources */,
				3257B6D8201E46B80051FDD1 /* Assets.xcassets in Resources */,
				32385AA3201CA71E0017DA3C /* LaunchScreen.storyboard in Resources */,
			);
			runOnlyForDeploymentPostprocessing = 0;
		};
/* End PBXResourcesBuildPhase section */

/* Begin PBXSourcesBuildPhase section */
		32385A91201CA71E0017DA3C /* Sources */ = {
			isa = PBXSourcesBuildPhase;
			buildActionMask = 2147483647;
			files = (
				3257B6D9201E46B80051FDD1 /* Utils.swift in Sources */,
				3257B6DB201E46B80051FDD1 /* TableViewController.swift in Sources */,
				3257B6D6201E46B80051FDD1 /* TransactionList.xcdatamodeld in Sources */,
				3257B6E2201E46B80051FDD1 /* CoreDataStack.swift in Sources */,
				3257B6DC201E46B80051FDD1 /* Transaction+CoreDataClass.swift in Sources */,
				3257B6DF201E46B80051FDD1 /* TransactionFetchedResultsController.swift in Sources */,
				3257B6E4201E477A0051FDD1 /* TableViewCell.swift in Sources */,
				3257B6E1201E46B80051FDD1 /* AlertableError.swift in Sources */,
				3257B6D5201E46B80051FDD1 /* Transaction+CoreDataProperties.swift in Sources */,
				32385A99201CA71E0017DA3C /* AppDelegate.swift in Sources */,
				3257B6DE201E46B80051FDD1 /* AddTransactionViewController.swift in Sources */,
			);
			runOnlyForDeploymentPostprocessing = 0;
		};
/* End PBXSourcesBuildPhase section */

/* Begin PBXVariantGroup section */
		32385AA1201CA71E0017DA3C /* LaunchScreen.storyboard */ = {
			isa = PBXVariantGroup;
			children = (
				32385AA2201CA71E0017DA3C /* Base */,
			);
			name = LaunchScreen.storyboard;
			sourceTree = "<group>";
		};
/* End PBXVariantGroup section */

/* Begin XCBuildConfiguration section */
		32385AA5201CA71E0017DA3C /* Debug */ = {
			isa = XCBuildConfiguration;
			buildSettings = {
				ALWAYS_SEARCH_USER_PATHS = NO;
				CLANG_ANALYZER_NONNULL = YES;
				CLANG_ANALYZER_NUMBER_OBJECT_CONVERSION = YES_AGGRESSIVE;
				CLANG_CXX_LANGUAGE_STANDARD = "gnu++14";
				CLANG_CXX_LIBRARY = "libc++";
				CLANG_ENABLE_MODULES = YES;
				CLANG_ENABLE_OBJC_ARC = YES;
				CLANG_WARN_BLOCK_CAPTURE_AUTORELEASING = YES;
				CLANG_WARN_BOOL_CONVERSION = YES;
				CLANG_WARN_COMMA = YES;
				CLANG_WARN_CONSTANT_CONVERSION = YES;
				CLANG_WARN_DIRECT_OBJC_ISA_USAGE = YES_ERROR;
				CLANG_WARN_DOCUMENTATION_COMMENTS = YES;
				CLANG_WARN_EMPTY_BODY = YES;
				CLANG_WARN_ENUM_CONVERSION = YES;
				CLANG_WARN_INFINITE_RECURSION = YES;
				CLANG_WARN_INT_CONVERSION = YES;
				CLANG_WARN_NON_LITERAL_NULL_CONVERSION = YES;
				CLANG_WARN_OBJC_LITERAL_CONVERSION = YES;
				CLANG_WARN_OBJC_ROOT_CLASS = YES_ERROR;
				CLANG_WARN_RANGE_LOOP_ANALYSIS = YES;
				CLANG_WARN_STRICT_PROTOTYPES = YES;
				CLANG_WARN_SUSPICIOUS_MOVE = YES;
				CLANG_WARN_UNGUARDED_AVAILABILITY = YES_AGGRESSIVE;
				CLANG_WARN_UNREACHABLE_CODE = YES;
				CLANG_WARN__DUPLICATE_METHOD_MATCH = YES;
				CODE_SIGN_IDENTITY = "iPhone Developer";
				COPY_PHASE_STRIP = NO;
				DEBUG_INFORMATION_FORMAT = dwarf;
				ENABLE_STRICT_OBJC_MSGSEND = YES;
				ENABLE_TESTABILITY = YES;
				GCC_C_LANGUAGE_STANDARD = gnu11;
				GCC_DYNAMIC_NO_PIC = NO;
				GCC_NO_COMMON_BLOCKS = YES;
				GCC_OPTIMIZATION_LEVEL = 0;
				GCC_PREPROCESSOR_DEFINITIONS = (
					"DEBUG=1",
					"$(inherited)",
				);
				GCC_WARN_64_TO_32_BIT_CONVERSION = YES;
				GCC_WARN_ABOUT_RETURN_TYPE = YES_ERROR;
				GCC_WARN_UNDECLARED_SELECTOR = YES;
				GCC_WARN_UNINITIALIZED_AUTOS = YES_AGGRESSIVE;
				GCC_WARN_UNUSED_FUNCTION = YES;
				GCC_WARN_UNUSED_VARIABLE = YES;
				IPHONEOS_DEPLOYMENT_TARGET = 11.2;
				MTL_ENABLE_DEBUG_INFO = YES;
				ONLY_ACTIVE_ARCH = YES;
				SDKROOT = iphoneos;
				SWIFT_ACTIVE_COMPILATION_CONDITIONS = DEBUG;
				SWIFT_OPTIMIZATION_LEVEL = "-Onone";
			};
			name = Debug;
		};
		32385AA6201CA71E0017DA3C /* Release */ = {
			isa = XCBuildConfiguration;
			buildSettings = {
				ALWAYS_SEARCH_USER_PATHS = NO;
				CLANG_ANALYZER_NONNULL = YES;
				CLANG_ANALYZER_NUMBER_OBJECT_CONVERSION = YES_AGGRESSIVE;
				CLANG_CXX_LANGUAGE_STANDARD = "gnu++14";
				CLANG_CXX_LIBRARY = "libc++";
				CLANG_ENABLE_MODULES = YES;
				CLANG_ENABLE_OBJC_ARC = YES;
				CLANG_WARN_BLOCK_CAPTURE_AUTORELEASING = YES;
				CLANG_WARN_BOOL_CONVERSION = YES;
				CLANG_WARN_COMMA = YES;
				CLANG_WARN_CONSTANT_CONVERSION = YES;
				CLANG_WARN_DIRECT_OBJC_ISA_USAGE = YES_ERROR;
				CLANG_WARN_DOCUMENTATION_COMMENTS = YES;
				CLANG_WARN_EMPTY_BODY = YES;
				CLANG_WARN_ENUM_CONVERSION = YES;
				CLANG_WARN_INFINITE_RECURSION = YES;
				CLANG_WARN_INT_CONVERSION = YES;
				CLANG_WARN_NON_LITERAL_NULL_CONVERSION = YES;
				CLANG_WARN_OBJC_LITERAL_CONVERSION = YES;
				CLANG_WARN_OBJC_ROOT_CLASS = YES_ERROR;
				CLANG_WARN_RANGE_LOOP_ANALYSIS = YES;
				CLANG_WARN_STRICT_PROTOTYPES = YES;
				CLANG_WARN_SUSPICIOUS_MOVE = YES;
				CLANG_WARN_UNGUARDED_AVAILABILITY = YES_AGGRESSIVE;
				CLANG_WARN_UNREACHABLE_CODE = YES;
				CLANG_WARN__DUPLICATE_METHOD_MATCH = YES;
				CODE_SIGN_IDENTITY = "iPhone Developer";
				COPY_PHASE_STRIP = NO;
				DEBUG_INFORMATION_FORMAT = "dwarf-with-dsym";
				ENABLE_NS_ASSERTIONS = NO;
				ENABLE_STRICT_OBJC_MSGSEND = YES;
				GCC_C_LANGUAGE_STANDARD = gnu11;
				GCC_NO_COMMON_BLOCKS = YES;
				GCC_WARN_64_TO_32_BIT_CONVERSION = YES;
				GCC_WARN_ABOUT_RETURN_TYPE = YES_ERROR;
				GCC_WARN_UNDECLARED_SELECTOR = YES;
				GCC_WARN_UNINITIALIZED_AUTOS = YES_AGGRESSIVE;
				GCC_WARN_UNUSED_FUNCTION = YES;
				GCC_WARN_UNUSED_VARIABLE = YES;
				IPHONEOS_DEPLOYMENT_TARGET = 11.2;
				MTL_ENABLE_DEBUG_INFO = NO;
				SDKROOT = iphoneos;
				SWIFT_OPTIMIZATION_LEVEL = "-Owholemodule";
				VALIDATE_PRODUCT = YES;
			};
			name = Release;
		};
		32385AA8201CA71E0017DA3C /* Debug */ = {
			isa = XCBuildConfiguration;
			buildSettings = {
				ASSETCATALOG_COMPILER_APPICON_NAME = AppIcon;
				CODE_SIGN_STYLE = Automatic;
				DEVELOPMENT_TEAM = YB2V2H5Z44;
				INFOPLIST_FILE = Cashlog/Info.plist;
				LD_RUNPATH_SEARCH_PATHS = "$(inherited) @executable_path/Frameworks";
				PRODUCT_BUNDLE_IDENTIFIER = bruceroettgers.Cashlog;
				PRODUCT_NAME = "$(TARGET_NAME)";
				SWIFT_VERSION = 4.0;
				TARGETED_DEVICE_FAMILY = "1,2";
			};
			name = Debug;
		};
		32385AA9201CA71E0017DA3C /* Release */ = {
			isa = XCBuildConfiguration;
			buildSettings = {
				ASSETCATALOG_COMPILER_APPICON_NAME = AppIcon;
				CODE_SIGN_STYLE = Automatic;
				DEVELOPMENT_TEAM = YB2V2H5Z44;
				INFOPLIST_FILE = Cashlog/Info.plist;
				LD_RUNPATH_SEARCH_PATHS = "$(inherited) @executable_path/Frameworks";
				PRODUCT_BUNDLE_IDENTIFIER = bruceroettgers.Cashlog;
				PRODUCT_NAME = "$(TARGET_NAME)";
				SWIFT_VERSION = 4.0;
				TARGETED_DEVICE_FAMILY = "1,2";
			};
			name = Release;
		};
/* End XCBuildConfiguration section */

/* Begin XCConfigurationList section */
		32385A90201CA71E0017DA3C /* Build configuration list for PBXProject "Cashlog" */ = {
			isa = XCConfigurationList;
			buildConfigurations = (
				32385AA5201CA71E0017DA3C /* Debug */,
				32385AA6201CA71E0017DA3C /* Release */,
			);
			defaultConfigurationIsVisible = 0;
			defaultConfigurationName = Release;
		};
		32385AA7201CA71E0017DA3C /* Build configuration list for PBXNativeTarget "Cashlog" */ = {
			isa = XCConfigurationList;
			buildConfigurations = (
				32385AA8201CA71E0017DA3C /* Debug */,
				32385AA9201CA71E0017DA3C /* Release */,
			);
			defaultConfigurationIsVisible = 0;
			defaultConfigurationName = Release;
		};
/* End XCConfigurationList section */

/* Begin XCVersionGroup section */
		3257B6C7201E46B60051FDD1 /* TransactionList.xcdatamodeld */ = {
			isa = XCVersionGroup;
			children = (
				3257B6C8201E46B60051FDD1 /* TransactionList.xcdatamodel */,
			);
			currentVersion = 3257B6C8201E46B60051FDD1 /* TransactionList.xcdatamodel */;
			path = TransactionList.xcdatamodeld;
			sourceTree = "<group>";
			versionGroupType = wrapper.xcdatamodel;
		};
/* End XCVersionGroup section */
	};
	rootObject = 32385A8D201CA71E0017DA3C /* Project object */;
}
